GEM
  remote: https://rubygems.org/
  specs:
    aws-eventstream (1.4.0)
    aws-partitions (1.1188.0)
    aws-sdk-core (3.239.2)
      aws-eventstream (~> 1, >= 1.3.0)
      aws-partitions (~> 1, >= 1.992.0)
      aws-sigv4 (~> 1.9)
      base64
      bigdecimal
      jmespath (~> 1, >= 1.6.1)
      logger
    aws-sdk-rekognition (1.125.0)
      aws-sdk-core (~> 3, >= 3.239.1)
      aws-sigv4 (~> 1.5)
    aws-sdk-ses (1.93.0)
      aws-sdk-core (~> 3, >= 3.239.1)
      aws-sigv4 (~> 1.5)
    aws-sigv4 (1.12.1)
      aws-eventstream (~> 1, >= 1.0.2)
    base64 (0.3.0)
    bigdecimal (3.3.1)
    dotenv (3.1.8)
    excon (1.3.1)
      logger
    faraday (2.14.0)
      faraday-net_http (>= 2.0, < 3.5)
      json
      logger
    faraday-excon (2.4.0)
      excon (>= 1.0.0)
      faraday (>= 2.11.0, < 3)
    faraday-net_http (3.4.2)
      net-http (~> 0.5)
    jmespath (1.6.2)
    json (2.16.0)
    logger (1.7.0)
    net-http (0.8.0)
      uri (>= 0.11.1)
    parallel (1.27.0)
    pco_api (2.1.2)
      faraday (> 2.0)
      faraday-excon (~> 2.1)
    rexml (3.4.4)
    uri (1.1.1)

PLATFORMS
  arm64-darwin-24
  ruby

DEPENDENCIES
  aws-sdk-rekognition
  aws-sdk-ses
  dotenv
  json
  parallel
  pco_api
  rexml

BUNDLED WITH
   2.7.1
